github.com/110y/glm v0.0.0-20211113152029-43e508893ec2 h1:M6Ko6FOLZy9MvgxKyb4JifFXB075qBOcmFMl+jMlTYk=
github.com/110y/glm v0.0.0-20211113152029-43e508893ec2/go.mod h1:JLp1oV1i9467+JJh0xPEKvriuxKZOYQ2EcOtlMq/RsA=
github.com/neovim/go-client v1.1.8-0.20210322235919-ee5cbe92ed6b h1:3OLaDRMxFeVh5ZhdYnep6JWbzfB7PgIFcn+5fo+b6Y8=
github.com/neovim/go-client v1.1.8-0.20210322235919-ee5cbe92ed6b/go.mod h1:lec+fTkbKMMQEcbP9SdiCteZeAhdchUsw6I1MGcqBkc=
golang.org/x/sync v0.0.0-20190911185100-cd5d95a43a6e h1:vcxGaoTs7kV8m5Np9uUNQin4BrLOthgV7252N8V+FwY=
golang.org/x/sync v0.0.0-20190911185100-cd5d95a43a6e/go.mod h1:RxMgew5VJxzue5/jJTE5uejpjVlOe/izrB70Jof72aM=
